// !$*UTF8*$!
{
	archiveVersion = 1;
	classes = {
	};
	objectVersion = 55;
	objects = {

/* Begin PBXBuildFile section */
		0F724677212241CBB59E1CD7 /* Pods_CameraFilter.framework in Frameworks */ = {isa = PBXBuildFile; fileRef = E096E49AC20F8758851256A9 /* Pods_CameraFilter.framework */; };
		B5482B0B2881569400F75000 /* AppDelegate.swift in Sources */ = {isa = PBXBuildFile; fileRef = B5482B0A2881569400F75000 /* AppDelegate.swift */; };
		B5482B0D2881569400F75000 /* SceneDelegate.swift in Sources */ = {isa = PBXBuildFile; fileRef = B5482B0C2881569400F75000 /* SceneDelegate.swift */; };
		B5482B0F2881569400F75000 /* ViewController.swift in Sources */ = {isa = PBXBuildFile; fileRef = B5482B0E2881569400F75000 /* ViewController.swift */; };
		B5482B122881569400F75000 /* Main.storyboard in Resources */ = {isa = PBXBuildFile; fileRef = B5482B102881569400F75000 /* Main.storyboard */; };
		B5482B142881569500F75000 /* Assets.xcassets in Resources */ = {isa = PBXBuildFile; fileRef = B5482B132881569500F75000 /* Assets.xcassets */; };
		B5482B172881569500F75000 /* LaunchScreen.storyboard in Resources */ = {isa = PBXBuildFile; fileRef = B5482B152881569500F75000 /* LaunchScreen.storyboard */; };
		B5482B1F288157EE00F75000 /* PhotosCollectionViewController.swift in Sources */ = {isa = PBXBuildFile; fileRef = B5482B1E288157EE00F75000 /* PhotosCollectionViewController.swift */; };
		B5DB405C2881B02800DD5BAA /* PhotoCollectionViewCell.swift in Sources */ = {isa = PBXBuildFile; fileRef = B5DB405B2881B02800DD5BAA /* PhotoCollectionViewCell.swift */; };
		B5DB405E2881BEBA00DD5BAA /* FilterService.swift in Sources */ = {isa = PBXBuildFile; fileRef = B5DB405D2881BEBA00DD5BAA /* FilterService.swift */; };
/* End PBXBuildFile section */

/* Begin PBXFileReference section */
		17089903CCBA9B03AC63FCB4 /* Pods-CameraFilter.release.xcconfig */ = {isa = PBXFileReference; includeInIndex = 1; lastKnownFileType = text.xcconfig; name = "Pods-CameraFilter.release.xcconfig"; path = "Target Support Files/Pods-CameraFilter/Pods-CameraFilter.release.xcconfig"; sourceTree = "<group>"; };
		B5482B072881569400F75000 /* CameraFilter.app */ = {isa = PBXFileReference; explicitFileType = wrapper.application; includeInIndex = 0; path = CameraFilter.app; sourceTree = BUILT_PRODUCTS_DIR; };
		B5482B0A2881569400F75000 /* AppDelegate.swift */ = {isa = PBXFileReference; lastKnownFileType = sourcecode.swift; path = AppDelegate.swift; sourceTree = "<group>"; };
		B5482B0C2881569400F75000 /* SceneDelegate.swift */ = {isa = PBXFileReference; lastKnownFileType = sourcecode.swift; path = SceneDelegate.swift; sourceTree = "<group>"; };
		B5482B0E2881569400F75000 /* ViewController.swift */ = {isa = PBXFileReference; lastKnownFileType = sourcecode.swift; path = ViewController.swift; sourceTree = "<group>"; };
		B5482B112881569400F75000 /* Base */ = {isa = PBXFileReference; lastKnownFileType = file.storyboard; name = Base; path = Base.lproj/Main.storyboard; sourceTree = "<group>"; };
		B5482B132881569500F75000 /* Assets.xcassets */ = {isa = PBXFileReference; lastKnownFileType = folder.assetcatalog; path = Assets.xcassets; sourceTree = "<group>"; };
		B5482B162881569500F75000 /* Base */ = {isa = PBXFileReference; lastKnownFileType = file.storyboard; name = Base; path = Base.lproj/LaunchScreen.storyboard; sourceTree = "<group>"; };
		B5482B182881569500F75000 /* Info.plist */ = {isa = PBXFileReference; lastKnownFileType = text.plist.xml; path = Info.plist; sourceTree = "<group>"; };
		B5482B1E288157EE00F75000 /* PhotosCollectionViewController.swift */ = {isa = PBXFileReference; lastKnownFileType = sourcecode.swift; path = PhotosCollectionViewController.swift; sourceTree = "<group>"; };
		B5DB405B2881B02800DD5BAA /* PhotoCollectionViewCell.swift */ = {isa = PBXFileReference; lastKnownFileType = sourcecode.swift; path = PhotoCollectionViewCell.swift; sourceTree = "<group>"; };
		B5DB405D2881BEBA00DD5BAA /* FilterService.swift */ = {isa = PBXFileReference; lastKnownFileType = sourcecode.swift; path = FilterService.swift; sourceTree = "<group>"; };
		BDC3243D36743AD59F1921C9 /* Pods-CameraFilter.debug.xcconfig */ = {isa = PBXFileReference; includeInIndex = 1; lastKnownFileType = text.xcconfig; name = "Pods-CameraFilter.debug.xcconfig"; path = "Target Support Files/Pods-CameraFilter/Pods-CameraFilter.debug.xcconfig"; sourceTree = "<group>"; };
		E096E49AC20F8758851256A9 /* Pods_CameraFilter.framework */ = {isa = PBXFileReference; explicitFileType = wrapper.framework; includeInIndex = 0; path = Pods_CameraFilter.framework; sourceTree = BUILT_PRODUCTS_DIR; };
/* End PBXFileReference section */

/* Begin PBXFrameworksBuildPhase section */
		B5482B042881569400F75000 /* Frameworks */ = {
			isa = PBXFrameworksBuildPhase;
			buildActionMask = 2147483647;
			files = (
				0F724677212241CBB59E1CD7 /* Pods_CameraFilter.framework in Frameworks */,
			);
			runOnlyForDeploymentPostprocessing = 0;
		};
/* End PBXFrameworksBuildPhase section */

/* Begin PBXGroup section */
		021F743F04FE09125B7C685F /* Frameworks */ = {
			isa = PBXGroup;
			children = (
				E096E49AC20F8758851256A9 /* Pods_CameraFilter.framework */,
			);
			name = Frameworks;
			sourceTree = "<group>";
		};
		3502FDBD46FA4BA82C0354BB /* Pods */ = {
			isa = PBXGroup;
			children = (
				BDC3243D36743AD59F1921C9 /* Pods-CameraFilter.debug.xcconfig */,
				17089903CCBA9B03AC63FCB4 /* Pods-CameraFilter.release.xcconfig */,
			);
			path = Pods;
			sourceTree = "<group>";
		};
		B5482AFE2881569400F75000 = {
			isa = PBXGroup;
			children = (
				B5482B092881569400F75000 /* CameraFilter */,
				B5482B082881569400F75000 /* Products */,
				3502FDBD46FA4BA82C0354BB /* Pods */,
				021F743F04FE09125B7C685F /* Frameworks */,
			);
			sourceTree = "<group>";
		};
		B5482B082881569400F75000 /* Products */ = {
			isa = PBXGroup;
			children = (
				B5482B072881569400F75000 /* CameraFilter.app */,
			);
			name = Products;
			sourceTree = "<group>";
		};
		B5482B092881569400F75000 /* CameraFilter */ = {
			isa = PBXGroup;
			children = (
				B5482B0A2881569400F75000 /* AppDelegate.swift */,
				B5482B0C2881569400F75000 /* SceneDelegate.swift */,
				B5482B0E2881569400F75000 /* ViewController.swift */,
				B5482B1E288157EE00F75000 /* PhotosCollectionViewController.swift */,
				B5DB405B2881B02800DD5BAA /* PhotoCollectionViewCell.swift */,
				B5DB405D2881BEBA00DD5BAA /* FilterService.swift */,
				B5482B102881569400F75000 /* Main.storyboard */,
				B5482B132881569500F75000 /* Assets.xcassets */,
				B5482B152881569500F75000 /* LaunchScreen.storyboard */,
				B5482B182881569500F75000 /* Info.plist */,
			);
			path = CameraFilter;
			sourceTree = "<group>";
		};
/* End PBXGroup section */

/* Begin PBXNativeTarget section */
		B5482B062881569400F75000 /* CameraFilter */ = {
			isa = PBXNativeTarget;
			buildConfigurationList = B5482B1B2881569500F75000 /* Build configuration list for PBXNativeTarget "CameraFilter" */;
			buildPhases = (
				055967BDFC3284541C372872 /* [CP] Check Pods Manifest.lock */,
				B5482B032881569400F75000 /* Sources */,
				B5482B042881569400F75000 /* Frameworks */,
				B5482B052881569400F75000 /* Resources */,
				4D64BFC70E97570A31E82BFF /* [CP] Embed Pods Frameworks */,
			);
			buildRules = (
			);
			dependencies = (
			);
			name = CameraFilter;
			productName = CameraFilter;
			productReference = B5482B072881569400F75000 /* CameraFilter.app */;
			productType = "com.apple.product-type.application";
		};
/* End PBXNativeTarget section */

/* Begin PBXProject section */
		B5482AFF2881569400F75000 /* Project object */ = {
			isa = PBXProject;
			attributes = {
				BuildIndependentTargetsInParallel = 1;
				LastSwiftUpdateCheck = 1340;
				LastUpgradeCheck = 1340;
				TargetAttributes = {
					B5482B062881569400F75000 = {
						CreatedOnToolsVersion = 13.4.1;
					};
				};
			};
			buildConfigurationList = B5482B022881569400F75000 /* Build configuration list for PBXProject "CameraFilter" */;
			compatibilityVersion = "Xcode 13.0";
			developmentRegion = en;
			hasScannedForEncodings = 0;
			knownRegions = (
				en,
				Base,
			);
			mainGroup = B5482AFE2881569400F75000;
			productRefGroup = B5482B082881569400F75000 /* Products */;
			projectDirPath = "";
			projectRoot = "";
			targets = (
				B5482B062881569400F75000 /* CameraFilter */,
			);
		};
/* End PBXProject section */

/* Begin PBXResourcesBuildPhase section */
		B5482B052881569400F75000 /* Resources */ = {
			isa = PBXResourcesBuildPhase;
			buildActionMask = 2147483647;
			files = (
				B5482B172881569500F75000 /* LaunchScreen.storyboard in Resources */,
				B5482B142881569500F75000 /* Assets.xcassets in Resources */,
				B5482B122881569400F75000 /* Main.storyboard in Resources */,
			);
			runOnlyForDeploymentPostprocessing = 0;
		};
/* End PBXResourcesBuildPhase section */

/* Begin PBXShellScriptBuildPhase section */
		055967BDFC3284541C372872 /* [CP] Check Pods Manifest.lock */ = {
			isa = PBXShellScriptBuildPhase;
			buildActionMask = 2147483647;
			files = (
			);
			inputFileListPaths = (
			);
			inputPaths = (
				"${PODS_PODFILE_DIR_PATH}/Podfile.lock",
				"${PODS_ROOT}/Manifest.lock",
			);
			name = "[CP] Check Pods Manifest.lock";
			outputFileListPaths = (
			);
			outputPaths = (
				"$(DERIVED_FILE_DIR)/Pods-CameraFilter-checkManifestLockResult.txt",
			);
			runOnlyForDeploymentPostprocessing = 0;
			shellPath = /bin/sh;
			shellScript = "diff \"${PODS_PODFILE_DIR_PATH}/Podfile.lock\" \"${PODS_ROOT}/Manifest.lock\" > /dev/null\nif [ $? != 0 ] ; then\n    # print error to STDERR\n    echo \"error: The sandbox is not in sync with the Podfile.lock. Run 'pod install' or update your CocoaPods installation.\" >&2\n    exit 1\nfi\n# This output is used by Xcode 'outputs' to avoid re-running this script phase.\necho \"SUCCESS\" > \"${SCRIPT_OUTPUT_FILE_0}\"\n";
			showEnvVarsInLog = 0;
		};
		4D64BFC70E97570A31E82BFF /* [CP] Embed Pods Frameworks */ = {
			isa = PBXShellScriptBuildPhase;
			buildActionMask = 2147483647;
			files = (
			);
			inputFileListPaths = (
				"${PODS_ROOT}/Target Support Files/Pods-CameraFilter/Pods-CameraFilter-frameworks-${CONFIGURATION}-input-files.xcfilelist",
			);
			name = "[CP] Embed Pods Frameworks";
			outputFileListPaths = (
				"${PODS_ROOT}/Target Support Files/Pods-CameraFilter/Pods-CameraFilter-frameworks-${CONFIGURATION}-output-files.xcfilelist",
			);
			runOnlyForDeploymentPostprocessing = 0;
			shellPath = /bin/sh;
			shellScript = "\"${PODS_ROOT}/Target Support Files/Pods-CameraFilter/Pods-CameraFilter-frameworks.sh\"\n";
			showEnvVarsInLog = 0;
		};
/* End PBXShellScriptBuildPhase section */

/* Begin PBXSourcesBuildPhase section */
		B5482B032881569400F75000 /* Sources */ = {
			isa = PBXSourcesBuildPhase;
			buildActionMask = 2147483647;
			files = (
				B5482B0F2881569400F75000 /* ViewController.swift in Sources */,
				B5DB405C2881B02800DD5BAA /* PhotoCollectionViewCell.swift in Sources */,
				B5482B0B2881569400F75000 /* AppDelegate.swift in Sources */,
				B5DB405E2881BEBA00DD5BAA /* FilterService.swift in Sources */,
				B5482B0D2881569400F75000 /* SceneDelegate.swift in Sources */,
				B5482B1F288157EE00F75000 /* PhotosCollectionViewController.swift in Sources */,
			);
			runOnlyForDeploymentPostprocessing = 0;
		};
/* End PBXSourcesBuildPhase section */

/* Begin PBXVariantGroup section */
		B5482B102881569400F75000 /* Main.storyboard */ = {
			isa = PBXVariantGroup;
			children = (
				B5482B112881569400F75000 /* Base */,
			);
			name = Main.storyboard;
			sourceTree = "<group>";
		};
		B5482B152881569500F75000 /* LaunchScreen.storyboard */ = {
			isa = PBXVariantGroup;
			children = (
				B5482B162881569500F75000 /* Base */,
			);
			name = LaunchScreen.storyboard;
			sourceTree = "<group>";
		};
/* End PBXVariantGroup section */

/* Begin XCBuildConfiguration section */
		B5482B192881569500F75000 /* Debug */ = {
			isa = XCBuildConfiguration;
			buildSettings = {
				ALWAYS_SEARCH_USER_PATHS = NO;
				CLANG_ANALYZER_NONNULL = YES;
				CLANG_ANALYZER_NUMBER_OBJECT_CONVERSION = YES_AGGRESSIVE;
				CLANG_CXX_LANGUAGE_STANDARD = "gnu++17";
				CLANG_ENABLE_MODULES = YES;
				CLANG_ENABLE_OBJC_ARC = YES;
				CLANG_ENABLE_OBJC_WEAK = YES;
				CLANG_WARN_BLOCK_CAPTURE_AUTORELEASING = YES;
				CLANG_WARN_BOOL_CONVERSION = YES;
				CLANG_WARN_COMMA = YES;
				CLANG_WARN_CONSTANT_CONVERSION = YES;
				CLANG_WARN_DEPRECATED_OBJC_IMPLEMENTATIONS = YES;
				CLANG_WARN_DIRECT_OBJC_ISA_USAGE = YES_ERROR;
				CLANG_WARN_DOCUMENTATION_COMMENTS = YES;
				CLANG_WARN_EMPTY_BODY = YES;
				CLANG_WARN_ENUM_CONVERSION = YES;
				CLANG_WARN_INFINITE_RECURSION = YES;
				CLANG_WARN_INT_CONVERSION = YES;
				CLANG_WARN_NON_LITERAL_NULL_CONVERSION = YES;
				CLANG_WARN_OBJC_IMPLICIT_RETAIN_SELF = YES;
				CLANG_WARN_OBJC_LITERAL_CONVERSION = YES;
				CLANG_WARN_OBJC_ROOT_CLASS = YES_ERROR;
				CLANG_WARN_QUOTED_INCLUDE_IN_FRAMEWORK_HEADER = YES;
				CLANG_WARN_RANGE_LOOP_ANALYSIS = YES;
				CLANG_WARN_STRICT_PROTOTYPES = YES;
				CLANG_WARN_SUSPICIOUS_MOVE = YES;
				CLANG_WARN_UNGUARDED_AVAILABILITY = YES_AGGRESSIVE;
				CLANG_WARN_UNREACHABLE_CODE = YES;
				CLANG_WARN__DUPLICATE_METHOD_MATCH = YES;
				COPY_PHASE_STRIP = NO;
				DEBUG_INFORMATION_FORMAT = dwarf;
				ENABLE_STRICT_OBJC_MSGSEND = YES;
				ENABLE_TESTABILITY = YES;
				GCC_C_LANGUAGE_STANDARD = gnu11;
				GCC_DYNAMIC_NO_PIC = NO;
				GCC_NO_COMMON_BLOCKS = YES;
				GCC_OPTIMIZATION_LEVEL = 0;
				GCC_PREPROCESSOR_DEFINITIONS = (
					"DEBUG=1",
					"$(inherited)",
				);
				GCC_WARN_64_TO_32_BIT_CONVERSION = YES;
				GCC_WARN_ABOUT_RETURN_TYPE = YES_ERROR;
				GCC_WARN_UNDECLARED_SELECTOR = YES;
				GCC_WARN_UNINITIALIZED_AUTOS = YES_AGGRESSIVE;
				GCC_WARN_UNUSED_FUNCTION = YES;
				GCC_WARN_UNUSED_VARIABLE = YES;
				IPHONEOS_DEPLOYMENT_TARGET = 15.5;
				MTL_ENABLE_DEBUG_INFO = INCLUDE_SOURCE;
				MTL_FAST_MATH = YES;
				ONLY_ACTIVE_ARCH = YES;
				SDKROOT = iphoneos;
				SWIFT_ACTIVE_COMPILATION_CONDITIONS = DEBUG;
				SWIFT_OPTIMIZATION_LEVEL = "-Onone";
			};
			name = Debug;
		};
		B5482B1A2881569500F75000 /* Release */ = {
			isa = XCBuildConfiguration;
			buildSettings = {
				ALWAYS_SEARCH_USER_PATHS = NO;
				CLANG_ANALYZER_NONNULL = YES;
				CLANG_ANALYZER_NUMBER_OBJECT_CONVERSION = YES_AGGRESSIVE;
				CLANG_CXX_LANGUAGE_STANDARD = "gnu++17";
				CLANG_ENABLE_MODULES = YES;
				CLANG_ENABLE_OBJC_ARC = YES;
				CLANG_ENABLE_OBJC_WEAK = YES;
				CLANG_WARN_BLOCK_CAPTURE_AUTORELEASING = YES;
				CLANG_WARN_BOOL_CONVERSION = YES;
				CLANG_WARN_COMMA = YES;
				CLANG_WARN_CONSTANT_CONVERSION = YES;
				CLANG_WARN_DEPRECATED_OBJC_IMPLEMENTATIONS = YES;
				CLANG_WARN_DIRECT_OBJC_ISA_USAGE = YES_ERROR;
				CLANG_WARN_DOCUMENTATION_COMMENTS = YES;
				CLANG_WARN_EMPTY_BODY = YES;
				CLANG_WARN_ENUM_CONVERSION = YES;
				CLANG_WARN_INFINITE_RECURSION = YES;
				CLANG_WARN_INT_CONVERSION = YES;
				CLANG_WARN_NON_LITERAL_NULL_CONVERSION = YES;
				CLANG_WARN_OBJC_IMPLICIT_RETAIN_SELF = YES;
				CLANG_WARN_OBJC_LITERAL_CONVERSION = YES;
				CLANG_WARN_OBJC_ROOT_CLASS = YES_ERROR;
				CLANG_WARN_QUOTED_INCLUDE_IN_FRAMEWORK_HEADER = YES;
				CLANG_WARN_RANGE_LOOP_ANALYSIS = YES;
				CLANG_WARN_STRICT_PROTOTYPES = YES;
				CLANG_WARN_SUSPICIOUS_MOVE = YES;
				CLANG_WARN_UNGUARDED_AVAILABILITY = YES_AGGRESSIVE;
				CLANG_WARN_UNREACHABLE_CODE = YES;
				CLANG_WARN__DUPLICATE_METHOD_MATCH = YES;
				COPY_PHASE_STRIP = NO;
				DEBUG_INFORMATION_FORMAT = "dwarf-with-dsym";
				ENABLE_NS_ASSERTIONS = NO;
				ENABLE_STRICT_OBJC_MSGSEND = YES;
				GCC_C_LANGUAGE_STANDARD = gnu11;
				GCC_NO_COMMON_BLOCKS = YES;
				GCC_WARN_64_TO_32_BIT_CONVERSION = YES;
				GCC_WARN_ABOUT_RETURN_TYPE = YES_ERROR;
				GCC_WARN_UNDECLARED_SELECTOR = YES;
				GCC_WARN_UNINITIALIZED_AUTOS = YES_AGGRESSIVE;
				GCC_WARN_UNUSED_FUNCTION = YES;
				GCC_WARN_UNUSED_VARIABLE = YES;
				IPHONEOS_DEPLOYMENT_TARGET = 15.5;
				MTL_ENABLE_DEBUG_INFO = NO;
				MTL_FAST_MATH = YES;
				SDKROOT = iphoneos;
				SWIFT_COMPILATION_MODE = wholemodule;
				SWIFT_OPTIMIZATION_LEVEL = "-O";
				VALIDATE_PRODUCT = YES;
			};
			name = Release;
		};
		B5482B1C2881569500F75000 /* Debug */ = {
			isa = XCBuildConfiguration;
			baseConfigurationReference = BDC3243D36743AD59F1921C9 /* Pods-CameraFilter.debug.xcconfig */;
			buildSettings = {
				ASSETCATALOG_COMPILER_APPICON_NAME = AppIcon;
				ASSETCATALOG_COMPILER_GLOBAL_ACCENT_COLOR_NAME = AccentColor;
				CODE_SIGN_STYLE = Automatic;
				CURRENT_PROJECT_VERSION = 1;
				DEVELOPMENT_TEAM = 5DUFZTPDQV;
				GENERATE_INFOPLIST_FILE = YES;
				INFOPLIST_FILE = CameraFilter/Info.plist;
				INFOPLIST_KEY_UIApplicationSupportsIndirectInputEvents = YES;
				INFOPLIST_KEY_UILaunchStoryboardName = LaunchScreen;
				INFOPLIST_KEY_UIMainStoryboardFile = Main;
				INFOPLIST_KEY_UISupportedInterfaceOrientations_iPad = "UIInterfaceOrientationPortrait UIInterfaceOrientationPortraitUpsideDown UIInterfaceOrientationLandscapeLeft UIInterfaceOrientationLandscapeRight";
				INFOPLIST_KEY_UISupportedInterfaceOrientations_iPhone = "UIInterfaceOrientationPortrait UIInterfaceOrientationLandscapeLeft UIInterfaceOrientationLandscapeRight";
				LD_RUNPATH_SEARCH_PATHS = (
					"$(inherited)",
					"@executable_path/Frameworks",
				);
				MARKETING_VERSION = 1.0;
				PRODUCT_BUNDLE_IDENTIFIER = hnslmp.CameraFilter;
				PRODUCT_NAME = "$(TARGET_NAME)";
				SWIFT_EMIT_LOC_STRINGS = YES;
				SWIFT_VERSION = 5.0;
				TARGETED_DEVICE_FAMILY = "1,2";
			};
			name = Debug;
		};
		B5482B1D2881569500F75000 /* Release */ = {
			isa = XCBuildConfiguration;
			baseConfigurationReference = 17089903CCBA9B03AC63FCB4 /* Pods-CameraFilter.release.xcconfig */;
			buildSettings = {
				ASSETCATALOG_COMPILER_APPICON_NAME = AppIcon;
				ASSETCATALOG_COMPILER_GLOBAL_ACCENT_COLOR_NAME = AccentColor;
				CODE_SIGN_STYLE = Automatic;
				CURRENT_PROJECT_VERSION = 1;
				DEVELOPMENT_TEAM = 5DUFZTPDQV;
				GENERATE_INFOPLIST_FILE = YES;
				INFOPLIST_FILE = CameraFilter/Info.plist;
				INFOPLIST_KEY_UIApplicationSupportsIndirectInputEvents = YES;
				INFOPLIST_KEY_UILaunchStoryboardName = LaunchScreen;
				INFOPLIST_KEY_UIMainStoryboardFile = Main;
				INFOPLIST_KEY_UISupportedInterfaceOrientations_iPad = "UIInterfaceOrientationPortrait UIInterfaceOrientationPortraitUpsideDown UIInterfaceOrientationLandscapeLeft UIInterfaceOrientationLandscapeRight";
				INFOPLIST_KEY_UISupportedInterfaceOrientations_iPhone = "UIInterfaceOrientationPortrait UIInterfaceOrientationLandscapeLeft UIInterfaceOrientationLandscapeRight";
				LD_RUNPATH_SEARCH_PATHS = (
					"$(inherited)",
					"@executable_path/Frameworks",
				);
				MARKETING_VERSION = 1.0;
				PRODUCT_BUNDLE_IDENTIFIER = hnslmp.CameraFilter;
				PRODUCT_NAME = "$(TARGET_NAME)";
				SWIFT_EMIT_LOC_STRINGS = YES;
				SWIFT_VERSION = 5.0;
				TARGETED_DEVICE_FAMILY = "1,2";
			};
			name = Release;
		};
/* End XCBuildConfiguration section */

/* Begin XCConfigurationList section */
		B5482B022881569400F75000 /* Build configuration list for PBXProject "CameraFilter" */ = {
			isa = XCConfigurationList;
			buildConfigurations = (
				B5482B192881569500F75000 /* Debug */,
				B5482B1A2881569500F75000 /* Release */,
			);
			defaultConfigurationIsVisible = 0;
			defaultConfigurationName = Release;
		};
		B5482B1B2881569500F75000 /* Build configuration list for PBXNativeTarget "CameraFilter" */ = {
			isa = XCConfigurationList;
			buildConfigurations = (
				B5482B1C2881569500F75000 /* Debug */,
				B5482B1D2881569500F75000 /* Release */,
			);
			defaultConfigurationIsVisible = 0;
			defaultConfigurationName = Release;
		};
/* End XCConfigurationList section */
	};
	rootObject = B5482AFF2881569400F75000 /* Project object */;
}
